// !$*UTF8*$!
{
	archiveVersion = 1;
	classes = {
	};
	objectVersion = 50;
	objects = {

/* Begin PBXBuildFile section */
		6A0A7B78238F1E5700497DEC /* Validation.swift in Sources */ = {isa = PBXBuildFile; fileRef = 6A0A7B77238F1E5700497DEC /* Validation.swift */; };
		6A0A7B7A238F1E6B00497DEC /* AlertService.swift in Sources */ = {isa = PBXBuildFile; fileRef = 6A0A7B79238F1E6B00497DEC /* AlertService.swift */; };
		6A0A7B7C238F1E7500497DEC /* Demand.swift in Sources */ = {isa = PBXBuildFile; fileRef = 6A0A7B7B238F1E7500497DEC /* Demand.swift */; };
		6A0A7B7E238F1E7F00497DEC /* CareerListCell.xib in Resources */ = {isa = PBXBuildFile; fileRef = 6A0A7B7D238F1E7F00497DEC /* CareerListCell.xib */; };
		6A0A7B80238F1E8700497DEC /* Alert.storyboard in Resources */ = {isa = PBXBuildFile; fileRef = 6A0A7B7F238F1E8700497DEC /* Alert.storyboard */; };
		6A0A7B86238F1E9D00497DEC /* QuestionsViewContoller.swift in Sources */ = {isa = PBXBuildFile; fileRef = 6A0A7B81238F1E9D00497DEC /* QuestionsViewContoller.swift */; };
		6A0A7B87238F1E9D00497DEC /* LoginViewController.swift in Sources */ = {isa = PBXBuildFile; fileRef = 6A0A7B82238F1E9D00497DEC /* LoginViewController.swift */; };
		6A0A7B88238F1E9D00497DEC /* RegistrationViewController.swift in Sources */ = {isa = PBXBuildFile; fileRef = 6A0A7B83238F1E9D00497DEC /* RegistrationViewController.swift */; };
		6A0A7B89238F1E9D00497DEC /* AlertViewController.swift in Sources */ = {isa = PBXBuildFile; fileRef = 6A0A7B84238F1E9D00497DEC /* AlertViewController.swift */; };
		6A0A7B8A238F1E9D00497DEC /* ResultViewController.swift in Sources */ = {isa = PBXBuildFile; fileRef = 6A0A7B85238F1E9D00497DEC /* ResultViewController.swift */; };
		6A0A7B94238F1F3600497DEC /* CareerEntity+CoreDataProperties.swift in Sources */ = {isa = PBXBuildFile; fileRef = 6A0A7B92238F1F3600497DEC /* CareerEntity+CoreDataProperties.swift */; };
		6A0A7B95238F1F3600497DEC /* CareerEntity+CoreDataClass.swift in Sources */ = {isa = PBXBuildFile; fileRef = 6A0A7B93238F1F3600497DEC /* CareerEntity+CoreDataClass.swift */; };
		6A0A7B97238F1F4B00497DEC /* PersistenceService.swift in Sources */ = {isa = PBXBuildFile; fileRef = 6A0A7B96238F1F4B00497DEC /* PersistenceService.swift */; };
		6A0E5D7A238536150057612D /* AppDelegate.swift in Sources */ = {isa = PBXBuildFile; fileRef = 6A0E5D79238536150057612D /* AppDelegate.swift */; };
		6A0E5D82238536150057612D /* Career_Path.xcdatamodeld in Sources */ = {isa = PBXBuildFile; fileRef = 6A0E5D80238536150057612D /* Career_Path.xcdatamodeld */; };
		6A0E5D87238536170057612D /* LaunchScreen.storyboard in Resources */ = {isa = PBXBuildFile; fileRef = 6A0E5D85238536170057612D /* LaunchScreen.storyboard */; };
		6A0E5D92238536170057612D /* Career_PathTests.swift in Sources */ = {isa = PBXBuildFile; fileRef = 6A0E5D91238536170057612D /* Career_PathTests.swift */; };
		6A0E5D9D238536170057612D /* Career_PathUITests.swift in Sources */ = {isa = PBXBuildFile; fileRef = 6A0E5D9C238536170057612D /* Career_PathUITests.swift */; };
		6AB2A40823854B97003E2E0C /* UserClass.swift in Sources */ = {isa = PBXBuildFile; fileRef = 6AB2A40723854B97003E2E0C /* UserClass.swift */; };
		6AB2A41E2389863A003E2E0C /* UserTests.swift in Sources */ = {isa = PBXBuildFile; fileRef = 6AB2A41D2389863A003E2E0C /* UserTests.swift */; };
		6AB2A4202389EF15003E2E0C /* DegreeTests.swift in Sources */ = {isa = PBXBuildFile; fileRef = 6AB2A41F2389EF15003E2E0C /* DegreeTests.swift */; };
		6AB2A4222389EF5A003E2E0C /* PersonalityTest_Tests.swift in Sources */ = {isa = PBXBuildFile; fileRef = 6AB2A4212389EF5A003E2E0C /* PersonalityTest_Tests.swift */; };
		6AC62BED2386E66100826AA7 /* MyStoryboard.storyboard in Resources */ = {isa = PBXBuildFile; fileRef = 6AC62BE32386E66100826AA7 /* MyStoryboard.storyboard */; };
		6AC62BEE2386E66100826AA7 /* Degree.swift in Sources */ = {isa = PBXBuildFile; fileRef = 6AC62BE42386E66100826AA7 /* Degree.swift */; };
		6AC62BEF2386E66100826AA7 /* CareerInfo.storyboard in Resources */ = {isa = PBXBuildFile; fileRef = 6AC62BE52386E66100826AA7 /* CareerInfo.storyboard */; };
		6AC62BF02386E66100826AA7 /* HomeViewController.swift in Sources */ = {isa = PBXBuildFile; fileRef = 6AC62BE62386E66100826AA7 /* HomeViewController.swift */; };
		6AC62BF12386E66100826AA7 /* PersonalityType.swift in Sources */ = {isa = PBXBuildFile; fileRef = 6AC62BE72386E66100826AA7 /* PersonalityType.swift */; };
		6AC62BF22386E66100826AA7 /* PersonalityTest.swift in Sources */ = {isa = PBXBuildFile; fileRef = 6AC62BE82386E66100826AA7 /* PersonalityTest.swift */; };
		6AC62BF32386E66100826AA7 /* CareerInfoViewController.swift in Sources */ = {isa = PBXBuildFile; fileRef = 6AC62BE92386E66100826AA7 /* CareerInfoViewController.swift */; };
		6AC62BF42386E66100826AA7 /* RoundButton.swift in Sources */ = {isa = PBXBuildFile; fileRef = 6AC62BEA2386E66100826AA7 /* RoundButton.swift */; };
		6AC62BF52386E66100826AA7 /* Career.swift in Sources */ = {isa = PBXBuildFile; fileRef = 6AC62BEB2386E66100826AA7 /* Career.swift */; };
		6AC62BF62386E66100826AA7 /* Home.storyboard in Resources */ = {isa = PBXBuildFile; fileRef = 6AC62BEC2386E66100826AA7 /* Home.storyboard */; };
		6AC62BF92386E71900826AA7 /* ProfileStoryboard.storyboard in Resources */ = {isa = PBXBuildFile; fileRef = 6AC62BF72386E71900826AA7 /* ProfileStoryboard.storyboard */; };
		6AC62BFA2386E71900826AA7 /* ProfileViewController.swift in Sources */ = {isa = PBXBuildFile; fileRef = 6AC62BF82386E71900826AA7 /* ProfileViewController.swift */; };
		6AC62BFC2386E77B00826AA7 /* Assets.xcassets in Resources */ = {isa = PBXBuildFile; fileRef = 6AC62BFB2386E77A00826AA7 /* Assets.xcassets */; };
		6ACDD110238A917D0016B6BD /* CareerResponse.swift in Sources */ = {isa = PBXBuildFile; fileRef = 6ACDD10D238A917C0016B6BD /* CareerResponse.swift */; };
		6ACDD111238A917D0016B6BD /* NetworkRequest.swift in Sources */ = {isa = PBXBuildFile; fileRef = 6ACDD10E238A917C0016B6BD /* NetworkRequest.swift */; };
		6ACDD114238A928E0016B6BD /* CareerListViewController.swift in Sources */ = {isa = PBXBuildFile; fileRef = 6ACDD113238A928D0016B6BD /* CareerListViewController.swift */; };
		6ACDD116238A933F0016B6BD /* CareerListCell.swift in Sources */ = {isa = PBXBuildFile; fileRef = 6ACDD115238A933F0016B6BD /* CareerListCell.swift */; };
/* End PBXBuildFile section */

/* Begin PBXContainerItemProxy section */
		6A0E5D8E238536170057612D /* PBXContainerItemProxy */ = {
			isa = PBXContainerItemProxy;
			containerPortal = 6A0E5D6E238536150057612D /* Project object */;
			proxyType = 1;
			remoteGlobalIDString = 6A0E5D75238536150057612D;
			remoteInfo = "Career Path";
		};
		6A0E5D99238536170057612D /* PBXContainerItemProxy */ = {
			isa = PBXContainerItemProxy;
			containerPortal = 6A0E5D6E238536150057612D /* Project object */;
			proxyType = 1;
			remoteGlobalIDString = 6A0E5D75238536150057612D;
			remoteInfo = "Career Path";
		};
/* End PBXContainerItemProxy section */

/* Begin PBXFileReference section */
		6A0A7B77238F1E5700497DEC /* Validation.swift */ = {isa = PBXFileReference; fileEncoding = 4; lastKnownFileType = sourcecode.swift; path = Validation.swift; sourceTree = "<group>"; };
		6A0A7B79238F1E6B00497DEC /* AlertService.swift */ = {isa = PBXFileReference; fileEncoding = 4; lastKnownFileType = sourcecode.swift; path = AlertService.swift; sourceTree = "<group>"; };
		6A0A7B7B238F1E7500497DEC /* Demand.swift */ = {isa = PBXFileReference; fileEncoding = 4; lastKnownFileType = sourcecode.swift; path = Demand.swift; sourceTree = "<group>"; };
		6A0A7B7D238F1E7F00497DEC /* CareerListCell.xib */ = {isa = PBXFileReference; fileEncoding = 4; lastKnownFileType = file.xib; path = CareerListCell.xib; sourceTree = "<group>"; };
		6A0A7B7F238F1E8700497DEC /* Alert.storyboard */ = {isa = PBXFileReference; fileEncoding = 4; lastKnownFileType = file.storyboard; path = Alert.storyboard; sourceTree = "<group>"; };
		6A0A7B81238F1E9D00497DEC /* QuestionsViewContoller.swift */ = {isa = PBXFileReference; fileEncoding = 4; lastKnownFileType = sourcecode.swift; path = QuestionsViewContoller.swift; sourceTree = "<group>"; };
		6A0A7B82238F1E9D00497DEC /* LoginViewController.swift */ = {isa = PBXFileReference; fileEncoding = 4; lastKnownFileType = sourcecode.swift; path = LoginViewController.swift; sourceTree = "<group>"; };
		6A0A7B83238F1E9D00497DEC /* RegistrationViewController.swift */ = {isa = PBXFileReference; fileEncoding = 4; lastKnownFileType = sourcecode.swift; path = RegistrationViewController.swift; sourceTree = "<group>"; };
		6A0A7B84238F1E9D00497DEC /* AlertViewController.swift */ = {isa = PBXFileReference; fileEncoding = 4; lastKnownFileType = sourcecode.swift; path = AlertViewController.swift; sourceTree = "<group>"; };
		6A0A7B85238F1E9D00497DEC /* ResultViewController.swift */ = {isa = PBXFileReference; fileEncoding = 4; lastKnownFileType = sourcecode.swift; path = ResultViewController.swift; sourceTree = "<group>"; };
		6A0A7B92238F1F3600497DEC /* CareerEntity+CoreDataProperties.swift */ = {isa = PBXFileReference; fileEncoding = 4; lastKnownFileType = sourcecode.swift; path = "CareerEntity+CoreDataProperties.swift"; sourceTree = "<group>"; };
		6A0A7B93238F1F3600497DEC /* CareerEntity+CoreDataClass.swift */ = {isa = PBXFileReference; fileEncoding = 4; lastKnownFileType = sourcecode.swift; path = "CareerEntity+CoreDataClass.swift"; sourceTree = "<group>"; };
		6A0A7B96238F1F4B00497DEC /* PersistenceService.swift */ = {isa = PBXFileReference; fileEncoding = 4; lastKnownFileType = sourcecode.swift; path = PersistenceService.swift; sourceTree = "<group>"; };
		6A0E5D76238536150057612D /* Career Path.app */ = {isa = PBXFileReference; explicitFileType = wrapper.application; includeInIndex = 0; path = "Career Path.app"; sourceTree = BUILT_PRODUCTS_DIR; };
		6A0E5D79238536150057612D /* AppDelegate.swift */ = {isa = PBXFileReference; lastKnownFileType = sourcecode.swift; name = AppDelegate.swift; path = "Career Path/AppDelegate.swift"; sourceTree = SOURCE_ROOT; };
		6A0E5D81238536150057612D /* Career_Path.xcdatamodel */ = {isa = PBXFileReference; lastKnownFileType = wrapper.xcdatamodel; path = Career_Path.xcdatamodel; sourceTree = "<group>"; };
		6A0E5D86238536170057612D /* Base */ = {isa = PBXFileReference; lastKnownFileType = file.storyboard; name = Base; path = Base.lproj/LaunchScreen.storyboard; sourceTree = "<group>"; };
		6A0E5D88238536170057612D /* Info.plist */ = {isa = PBXFileReference; lastKnownFileType = text.plist.xml; path = Info.plist; sourceTree = "<group>"; };
		6A0E5D8D238536170057612D /* Career PathTests.xctest */ = {isa = PBXFileReference; explicitFileType = wrapper.cfbundle; includeInIndex = 0; path = "Career PathTests.xctest"; sourceTree = BUILT_PRODUCTS_DIR; };
		6A0E5D91238536170057612D /* Career_PathTests.swift */ = {isa = PBXFileReference; lastKnownFileType = sourcecode.swift; path = Career_PathTests.swift; sourceTree = "<group>"; };
		6A0E5D93238536170057612D /* Info.plist */ = {isa = PBXFileReference; lastKnownFileType = text.plist.xml; path = Info.plist; sourceTree = "<group>"; };
		6A0E5D98238536170057612D /* Career PathUITests.xctest */ = {isa = PBXFileReference; explicitFileType = wrapper.cfbundle; includeInIndex = 0; path = "Career PathUITests.xctest"; sourceTree = BUILT_PRODUCTS_DIR; };
		6A0E5D9C238536170057612D /* Career_PathUITests.swift */ = {isa = PBXFileReference; lastKnownFileType = sourcecode.swift; path = Career_PathUITests.swift; sourceTree = "<group>"; };
		6A0E5D9E238536170057612D /* Info.plist */ = {isa = PBXFileReference; lastKnownFileType = text.plist.xml; path = Info.plist; sourceTree = "<group>"; };
		6AB2A40723854B97003E2E0C /* UserClass.swift */ = {isa = PBXFileReference; lastKnownFileType = sourcecode.swift; name = UserClass.swift; path = "Career Path/Model/UserClass.swift"; sourceTree = SOURCE_ROOT; };
		6AB2A41D2389863A003E2E0C /* UserTests.swift */ = {isa = PBXFileReference; lastKnownFileType = sourcecode.swift; path = UserTests.swift; sourceTree = "<group>"; };
		6AB2A41F2389EF15003E2E0C /* DegreeTests.swift */ = {isa = PBXFileReference; lastKnownFileType = sourcecode.swift; name = DegreeTests.swift; path = "Career PathTests/DegreeTests.swift"; sourceTree = SOURCE_ROOT; };
		6AB2A4212389EF5A003E2E0C /* PersonalityTest_Tests.swift */ = {isa = PBXFileReference; lastKnownFileType = sourcecode.swift; path = PersonalityTest_Tests.swift; sourceTree = "<group>"; };
		6AC62BE32386E66100826AA7 /* MyStoryboard.storyboard */ = {isa = PBXFileReference; fileEncoding = 4; lastKnownFileType = file.storyboard; name = MyStoryboard.storyboard; path = "Career Path/Storyboards/MyStoryboard.storyboard"; sourceTree = SOURCE_ROOT; };
		6AC62BE42386E66100826AA7 /* Degree.swift */ = {isa = PBXFileReference; fileEncoding = 4; lastKnownFileType = sourcecode.swift; name = Degree.swift; path = "Career Path/Model/Degree.swift"; sourceTree = SOURCE_ROOT; };
		6AC62BE52386E66100826AA7 /* CareerInfo.storyboard */ = {isa = PBXFileReference; fileEncoding = 4; lastKnownFileType = file.storyboard; name = CareerInfo.storyboard; path = "Career Path/Storyboards/CareerInfo.storyboard"; sourceTree = SOURCE_ROOT; };
		6AC62BE62386E66100826AA7 /* HomeViewController.swift */ = {isa = PBXFileReference; fileEncoding = 4; lastKnownFileType = sourcecode.swift; name = HomeViewController.swift; path = "Career Path/ViewControllers/HomeViewController.swift"; sourceTree = SOURCE_ROOT; };
		6AC62BE72386E66100826AA7 /* PersonalityType.swift */ = {isa = PBXFileReference; fileEncoding = 4; lastKnownFileType = sourcecode.swift; name = PersonalityType.swift; path = "Career Path/Model/PersonalityType.swift"; sourceTree = SOURCE_ROOT; };
		6AC62BE82386E66100826AA7 /* PersonalityTest.swift */ = {isa = PBXFileReference; fileEncoding = 4; lastKnownFileType = sourcecode.swift; name = PersonalityTest.swift; path = "Career Path/Model/PersonalityTest.swift"; sourceTree = SOURCE_ROOT; };
		6AC62BE92386E66100826AA7 /* CareerInfoViewController.swift */ = {isa = PBXFileReference; fileEncoding = 4; lastKnownFileType = sourcecode.swift; name = CareerInfoViewController.swift; path = "Career Path/ViewControllers/CareerInfoViewController.swift"; sourceTree = SOURCE_ROOT; };
		6AC62BEA2386E66100826AA7 /* RoundButton.swift */ = {isa = PBXFileReference; fileEncoding = 4; lastKnownFileType = sourcecode.swift; name = RoundButton.swift; path = "Career Path/CustomViews/RoundButton.swift"; sourceTree = SOURCE_ROOT; };
		6AC62BEB2386E66100826AA7 /* Career.swift */ = {isa = PBXFileReference; fileEncoding = 4; lastKnownFileType = sourcecode.swift; name = Career.swift; path = "Career Path/Model/Career.swift"; sourceTree = SOURCE_ROOT; };
		6AC62BEC2386E66100826AA7 /* Home.storyboard */ = {isa = PBXFileReference; fileEncoding = 4; lastKnownFileType = file.storyboard; name = Home.storyboard; path = "Career Path/Storyboards/Home.storyboard"; sourceTree = SOURCE_ROOT; };
		6AC62BF72386E71900826AA7 /* ProfileStoryboard.storyboard */ = {isa = PBXFileReference; fileEncoding = 4; lastKnownFileType = file.storyboard; name = ProfileStoryboard.storyboard; path = "Career Path/Storyboards/ProfileStoryboard.storyboard"; sourceTree = SOURCE_ROOT; };
		6AC62BF82386E71900826AA7 /* ProfileViewController.swift */ = {isa = PBXFileReference; fileEncoding = 4; lastKnownFileType = sourcecode.swift; name = ProfileViewController.swift; path = "Career Path/ViewControllers/ProfileViewController.swift"; sourceTree = SOURCE_ROOT; };
		6AC62BFB2386E77A00826AA7 /* Assets.xcassets */ = {isa = PBXFileReference; lastKnownFileType = folder.assetcatalog; path = Assets.xcassets; sourceTree = "<group>"; };
		6ACDD10D238A917C0016B6BD /* CareerResponse.swift */ = {isa = PBXFileReference; fileEncoding = 4; lastKnownFileType = sourcecode.swift; path = CareerResponse.swift; sourceTree = "<group>"; };
		6ACDD10E238A917C0016B6BD /* NetworkRequest.swift */ = {isa = PBXFileReference; fileEncoding = 4; lastKnownFileType = sourcecode.swift; path = NetworkRequest.swift; sourceTree = "<group>"; };
		6ACDD113238A928D0016B6BD /* CareerListViewController.swift */ = {isa = PBXFileReference; fileEncoding = 4; lastKnownFileType = sourcecode.swift; path = CareerListViewController.swift; sourceTree = "<group>"; };
		6ACDD115238A933F0016B6BD /* CareerListCell.swift */ = {isa = PBXFileReference; lastKnownFileType = sourcecode.swift; path = CareerListCell.swift; sourceTree = "<group>"; };
/* End PBXFileReference section */

/* Begin PBXFrameworksBuildPhase section */
		6A0E5D73238536150057612D /* Frameworks */ = {
			isa = PBXFrameworksBuildPhase;
			buildActionMask = 2147483647;
			files = (
			);
			runOnlyForDeploymentPostprocessing = 0;
		};
		6A0E5D8A238536170057612D /* Frameworks */ = {
			isa = PBXFrameworksBuildPhase;
			buildActionMask = 2147483647;
			files = (
			);
			runOnlyForDeploymentPostprocessing = 0;
		};
		6A0E5D95238536170057612D /* Frameworks */ = {
			isa = PBXFrameworksBuildPhase;
			buildActionMask = 2147483647;
			files = (
			);
			runOnlyForDeploymentPostprocessing = 0;
		};
/* End PBXFrameworksBuildPhase section */

/* Begin PBXGroup section */
		6A0A7B76238F1DC000497DEC /* Extensions */ = {
			isa = PBXGroup;
			children = (
				6A0A7B77238F1E5700497DEC /* Validation.swift */,
			);
			path = Extensions;
			sourceTree = "<group>";
		};
		6A0A7B98238F1F4F00497DEC /* CoreDataRelated */ = {
			isa = PBXGroup;
			children = (
				6A0A7B96238F1F4B00497DEC /* PersistenceService.swift */,
				6A0A7B93238F1F3600497DEC /* CareerEntity+CoreDataClass.swift */,
				6A0A7B92238F1F3600497DEC /* CareerEntity+CoreDataProperties.swift */,
			);
			path = CoreDataRelated;
			sourceTree = "<group>";
		};
		6A0E5D6D238536150057612D = {
			isa = PBXGroup;
			children = (
				6A0E5D78238536150057612D /* Career Path */,
				6A0E5D90238536170057612D /* Career PathTests */,
				6A0E5D9B238536170057612D /* Career PathUITests */,
				6A0E5D77238536150057612D /* Products */,
			);
			sourceTree = "<group>";
		};
		6A0E5D77238536150057612D /* Products */ = {
			isa = PBXGroup;
			children = (
				6A0E5D76238536150057612D /* Career Path.app */,
				6A0E5D8D238536170057612D /* Career PathTests.xctest */,
				6A0E5D98238536170057612D /* Career PathUITests.xctest */,
			);
			name = Products;
			sourceTree = "<group>";
		};
		6A0E5D78238536150057612D /* Career Path */ = {
			isa = PBXGroup;
			children = (
				6A0A7B98238F1F4F00497DEC /* CoreDataRelated */,
				6A0A7B76238F1DC000497DEC /* Extensions */,
				6ACDD11B238A96E60016B6BD /* CustomControllers */,
				6ACDD11A238A96E00016B6BD /* Model */,
				6ACDD117238A96470016B6BD /* CustomViews */,
				6ACDD119238A968E0016B6BD /* Storyboards */,
				6ACDD118238A96840016B6BD /* ViewControllers */,
				6AC62BFB2386E77A00826AA7 /* Assets.xcassets */,
				6A0E5D79238536150057612D /* AppDelegate.swift */,
				6A0E5D85238536170057612D /* LaunchScreen.storyboard */,
				6A0E5D88238536170057612D /* Info.plist */,
				6A0E5D80238536150057612D /* Career_Path.xcdatamodeld */,
			);
			path = "Career Path";
			sourceTree = "<group>";
		};
		6A0E5D90238536170057612D /* Career PathTests */ = {
			isa = PBXGroup;
			children = (
				6AB2A4212389EF5A003E2E0C /* PersonalityTest_Tests.swift */,
				6AB2A41F2389EF15003E2E0C /* DegreeTests.swift */,
				6A0E5D91238536170057612D /* Career_PathTests.swift */,
				6A0E5D93238536170057612D /* Info.plist */,
				6AB2A41D2389863A003E2E0C /* UserTests.swift */,
			);
			path = "Career PathTests";
			sourceTree = "<group>";
		};
		6A0E5D9B238536170057612D /* Career PathUITests */ = {
			isa = PBXGroup;
			children = (
				6A0E5D9C238536170057612D /* Career_PathUITests.swift */,
				6A0E5D9E238536170057612D /* Info.plist */,
			);
			path = "Career PathUITests";
			sourceTree = "<group>";
		};
		6ACDD117238A96470016B6BD /* CustomViews */ = {
			isa = PBXGroup;
			children = (
				6A0A7B7D238F1E7F00497DEC /* CareerListCell.xib */,
				6AC62BEA2386E66100826AA7 /* RoundButton.swift */,
				6ACDD115238A933F0016B6BD /* CareerListCell.swift */,
			);
			path = CustomViews;
			sourceTree = "<group>";
		};
		6ACDD118238A96840016B6BD /* ViewControllers */ = {
			isa = PBXGroup;
			children = (
				6A0A7B84238F1E9D00497DEC /* AlertViewController.swift */,
				6A0A7B82238F1E9D00497DEC /* LoginViewController.swift */,
				6A0A7B81238F1E9D00497DEC /* QuestionsViewContoller.swift */,
				6A0A7B83238F1E9D00497DEC /* RegistrationViewController.swift */,
				6A0A7B85238F1E9D00497DEC /* ResultViewController.swift */,
				6AC62BE62386E66100826AA7 /* HomeViewController.swift */,
				6AC62BF82386E71900826AA7 /* ProfileViewController.swift */,
				6AC62BE92386E66100826AA7 /* CareerInfoViewController.swift */,
				6ACDD113238A928D0016B6BD /* CareerListViewController.swift */,
			);
			path = ViewControllers;
			sourceTree = "<group>";
		};
		6ACDD119238A968E0016B6BD /* Storyboards */ = {
			isa = PBXGroup;
			children = (
				6A0A7B7F238F1E8700497DEC /* Alert.storyboard */,
				6AC62BEC2386E66100826AA7 /* Home.storyboard */,
				6AC62BE32386E66100826AA7 /* MyStoryboard.storyboard */,
				6AC62BF72386E71900826AA7 /* ProfileStoryboard.storyboard */,
				6AC62BE52386E66100826AA7 /* CareerInfo.storyboard */,
			);
			path = Storyboards;
			sourceTree = "<group>";
		};
		6ACDD11A238A96E00016B6BD /* Model */ = {
			isa = PBXGroup;
			children = (
				6A0A7B7B238F1E7500497DEC /* Demand.swift */,
				6AB2A40723854B97003E2E0C /* UserClass.swift */,
				6AC62BE82386E66100826AA7 /* PersonalityTest.swift */,
				6AC62BE42386E66100826AA7 /* Degree.swift */,
				6AC62BE72386E66100826AA7 /* PersonalityType.swift */,
				6AC62BEB2386E66100826AA7 /* Career.swift */,
				6ACDD10D238A917C0016B6BD /* CareerResponse.swift */,
			);
			path = Model;
			sourceTree = "<group>";
		};
		6ACDD11B238A96E60016B6BD /* CustomControllers */ = {
			isa = PBXGroup;
			children = (
				6A0A7B79238F1E6B00497DEC /* AlertService.swift */,
				6ACDD10E238A917C0016B6BD /* NetworkRequest.swift */,
			);
			path = CustomControllers;
			sourceTree = "<group>";
		};
/* End PBXGroup section */

/* Begin PBXNativeTarget section */
		6A0E5D75238536150057612D /* Career Path */ = {
			isa = PBXNativeTarget;
			buildConfigurationList = 6A0E5DA1238536170057612D /* Build configuration list for PBXNativeTarget "Career Path" */;
			buildPhases = (
				6A0E5D72238536150057612D /* Sources */,
				6A0E5D73238536150057612D /* Frameworks */,
				6A0E5D74238536150057612D /* Resources */,
			);
			buildRules = (
			);
			dependencies = (
			);
			name = "Career Path";
			productName = "Career Path";
			productReference = 6A0E5D76238536150057612D /* Career Path.app */;
			productType = "com.apple.product-type.application";
		};
		6A0E5D8C238536170057612D /* Career PathTests */ = {
			isa = PBXNativeTarget;
			buildConfigurationList = 6A0E5DA4238536170057612D /* Build configuration list for PBXNativeTarget "Career PathTests" */;
			buildPhases = (
				6A0E5D89238536170057612D /* Sources */,
				6A0E5D8A238536170057612D /* Frameworks */,
				6A0E5D8B238536170057612D /* Resources */,
			);
			buildRules = (
			);
			dependencies = (
				6A0E5D8F238536170057612D /* PBXTargetDependency */,
			);
			name = "Career PathTests";
			productName = "Career PathTests";
			productReference = 6A0E5D8D238536170057612D /* Career PathTests.xctest */;
			productType = "com.apple.product-type.bundle.unit-test";
		};
		6A0E5D97238536170057612D /* Career PathUITests */ = {
			isa = PBXNativeTarget;
			buildConfigurationList = 6A0E5DA7238536170057612D /* Build configuration list for PBXNativeTarget "Career PathUITests" */;
			buildPhases = (
				6A0E5D94238536170057612D /* Sources */,
				6A0E5D95238536170057612D /* Frameworks */,
				6A0E5D96238536170057612D /* Resources */,
			);
			buildRules = (
			);
			dependencies = (
				6A0E5D9A238536170057612D /* PBXTargetDependency */,
			);
			name = "Career PathUITests";
			productName = "Career PathUITests";
			productReference = 6A0E5D98238536170057612D /* Career PathUITests.xctest */;
			productType = "com.apple.product-type.bundle.ui-testing";
		};
/* End PBXNativeTarget section */

/* Begin PBXProject section */
		6A0E5D6E238536150057612D /* Project object */ = {
			isa = PBXProject;
			attributes = {
				LastSwiftUpdateCheck = 1010;
				LastUpgradeCheck = 1010;
				ORGANIZATIONNAME = "Team Awesome";
				TargetAttributes = {
					6A0E5D75238536150057612D = {
						CreatedOnToolsVersion = 10.1;
					};
					6A0E5D8C238536170057612D = {
						CreatedOnToolsVersion = 10.1;
						TestTargetID = 6A0E5D75238536150057612D;
					};
					6A0E5D97238536170057612D = {
						CreatedOnToolsVersion = 10.1;
						TestTargetID = 6A0E5D75238536150057612D;
					};
				};
			};
			buildConfigurationList = 6A0E5D71238536150057612D /* Build configuration list for PBXProject "Career Path" */;
			compatibilityVersion = "Xcode 9.3";
			developmentRegion = en;
			hasScannedForEncodings = 0;
			knownRegions = (
				en,
				Base,
			);
			mainGroup = 6A0E5D6D238536150057612D;
			productRefGroup = 6A0E5D77238536150057612D /* Products */;
			projectDirPath = "";
			projectRoot = "";
			targets = (
				6A0E5D75238536150057612D /* Career Path */,
				6A0E5D8C238536170057612D /* Career PathTests */,
				6A0E5D97238536170057612D /* Career PathUITests */,
			);
		};
/* End PBXProject section */

/* Begin PBXResourcesBuildPhase section */
		6A0E5D74238536150057612D /* Resources */ = {
			isa = PBXResourcesBuildPhase;
			buildActionMask = 2147483647;
			files = (
				6AC62BEF2386E66100826AA7 /* CareerInfo.storyboard in Resources */,
				6A0E5D87238536170057612D /* LaunchScreen.storyboard in Resources */,
				6AC62BED2386E66100826AA7 /* MyStoryboard.storyboard in Resources */,
				6AC62BF62386E66100826AA7 /* Home.storyboard in Resources */,
				6A0A7B7E238F1E7F00497DEC /* CareerListCell.xib in Resources */,
				6AC62BFC2386E77B00826AA7 /* Assets.xcassets in Resources */,
				6AC62BF92386E71900826AA7 /* ProfileStoryboard.storyboard in Resources */,
				6A0A7B80238F1E8700497DEC /* Alert.storyboard in Resources */,
			);
			runOnlyForDeploymentPostprocessing = 0;
		};
		6A0E5D8B238536170057612D /* Resources */ = {
			isa = PBXResourcesBuildPhase;
			buildActionMask = 2147483647;
			files = (
			);
			runOnlyForDeploymentPostprocessing = 0;
		};
		6A0E5D96238536170057612D /* Resources */ = {
			isa = PBXResourcesBuildPhase;
			buildActionMask = 2147483647;
			files = (
			);
			runOnlyForDeploymentPostprocessing = 0;
		};
/* End PBXResourcesBuildPhase section */

/* Begin PBXSourcesBuildPhase section */
		6A0E5D72238536150057612D /* Sources */ = {
			isa = PBXSourcesBuildPhase;
			buildActionMask = 2147483647;
			files = (
				6ACDD111238A917D0016B6BD /* NetworkRequest.swift in Sources */,
				6AC62BF42386E66100826AA7 /* RoundButton.swift in Sources */,
				6ACDD116238A933F0016B6BD /* CareerListCell.swift in Sources */,
				6AC62BF02386E66100826AA7 /* HomeViewController.swift in Sources */,
				6A0E5D82238536150057612D /* Career_Path.xcdatamodeld in Sources */,
				6A0A7B97238F1F4B00497DEC /* PersistenceService.swift in Sources */,
				6A0E5D7A238536150057612D /* AppDelegate.swift in Sources */,
				6A0A7B78238F1E5700497DEC /* Validation.swift in Sources */,
				6A0A7B95238F1F3600497DEC /* CareerEntity+CoreDataClass.swift in Sources */,
				6A0A7B89238F1E9D00497DEC /* AlertViewController.swift in Sources */,
				6ACDD114238A928E0016B6BD /* CareerListViewController.swift in Sources */,
				6A0A7B8A238F1E9D00497DEC /* ResultViewController.swift in Sources */,
				6A0A7B94238F1F3600497DEC /* CareerEntity+CoreDataProperties.swift in Sources */,
				6A0A7B87238F1E9D00497DEC /* LoginViewController.swift in Sources */,
				6AC62BF22386E66100826AA7 /* PersonalityTest.swift in Sources */,
				6AB2A40823854B97003E2E0C /* UserClass.swift in Sources */,
				6AC62BFA2386E71900826AA7 /* ProfileViewController.swift in Sources */,
				6AC62BF12386E66100826AA7 /* PersonalityType.swift in Sources */,
				6A0A7B86238F1E9D00497DEC /* QuestionsViewContoller.swift in Sources */,
				6ACDD110238A917D0016B6BD /* CareerResponse.swift in Sources */,
				6A0A7B7A238F1E6B00497DEC /* AlertService.swift in Sources */,
				6AC62BF32386E66100826AA7 /* CareerInfoViewController.swift in Sources */,
				6AC62BEE2386E66100826AA7 /* Degree.swift in Sources */,
				6A0A7B88238F1E9D00497DEC /* RegistrationViewController.swift in Sources */,
				6A0A7B7C238F1E7500497DEC /* Demand.swift in Sources */,
				6AC62BF52386E66100826AA7 /* Career.swift in Sources */,
			);
			runOnlyForDeploymentPostprocessing = 0;
		};
		6A0E5D89238536170057612D /* Sources */ = {
			isa = PBXSourcesBuildPhase;
			buildActionMask = 2147483647;
			files = (
				6AB2A41E2389863A003E2E0C /* UserTests.swift in Sources */,
				6AB2A4202389EF15003E2E0C /* DegreeTests.swift in Sources */,
				6AB2A4222389EF5A003E2E0C /* PersonalityTest_Tests.swift in Sources */,
				6A0E5D92238536170057612D /* Career_PathTests.swift in Sources */,
			);
			runOnlyForDeploymentPostprocessing = 0;
		};
		6A0E5D94238536170057612D /* Sources */ = {
			isa = PBXSourcesBuildPhase;
			buildActionMask = 2147483647;
			files = (
				6A0E5D9D238536170057612D /* Career_PathUITests.swift in Sources */,
			);
			runOnlyForDeploymentPostprocessing = 0;
		};
/* End PBXSourcesBuildPhase section */

/* Begin PBXTargetDependency section */
		6A0E5D8F238536170057612D /* PBXTargetDependency */ = {
			isa = PBXTargetDependency;
			target = 6A0E5D75238536150057612D /* Career Path */;
			targetProxy = 6A0E5D8E238536170057612D /* PBXContainerItemProxy */;
		};
		6A0E5D9A238536170057612D /* PBXTargetDependency */ = {
			isa = PBXTargetDependency;
			target = 6A0E5D75238536150057612D /* Career Path */;
			targetProxy = 6A0E5D99238536170057612D /* PBXContainerItemProxy */;
		};
/* End PBXTargetDependency section */

/* Begin PBXVariantGroup section */
		6A0E5D85238536170057612D /* LaunchScreen.storyboard */ = {
			isa = PBXVariantGroup;
			children = (
				6A0E5D86238536170057612D /* Base */,
			);
			name = LaunchScreen.storyboard;
			path = "Career Path";
			sourceTree = SOURCE_ROOT;
		};
/* End PBXVariantGroup section */

/* Begin XCBuildConfiguration section */
		6A0E5D9F238536170057612D /* Debug */ = {
			isa = XCBuildConfiguration;
			buildSettings = {
				ALWAYS_SEARCH_USER_PATHS = NO;
				CLANG_ANALYZER_NONNULL = YES;
				CLANG_ANALYZER_NUMBER_OBJECT_CONVERSION = YES_AGGRESSIVE;
				CLANG_CXX_LANGUAGE_STANDARD = "gnu++14";
				CLANG_CXX_LIBRARY = "libc++";
				CLANG_ENABLE_MODULES = YES;
				CLANG_ENABLE_OBJC_ARC = YES;
				CLANG_ENABLE_OBJC_WEAK = YES;
				CLANG_WARN_BLOCK_CAPTURE_AUTORELEASING = YES;
				CLANG_WARN_BOOL_CONVERSION = YES;
				CLANG_WARN_COMMA = YES;
				CLANG_WARN_CONSTANT_CONVERSION = YES;
				CLANG_WARN_DEPRECATED_OBJC_IMPLEMENTATIONS = YES;
				CLANG_WARN_DIRECT_OBJC_ISA_USAGE = YES_ERROR;
				CLANG_WARN_DOCUMENTATION_COMMENTS = YES;
				CLANG_WARN_EMPTY_BODY = YES;
				CLANG_WARN_ENUM_CONVERSION = YES;
				CLANG_WARN_INFINITE_RECURSION = YES;
				CLANG_WARN_INT_CONVERSION = YES;
				CLANG_WARN_NON_LITERAL_NULL_CONVERSION = YES;
				CLANG_WARN_OBJC_IMPLICIT_RETAIN_SELF = YES;
				CLANG_WARN_OBJC_LITERAL_CONVERSION = YES;
				CLANG_WARN_OBJC_ROOT_CLASS = YES_ERROR;
				CLANG_WARN_RANGE_LOOP_ANALYSIS = YES;
				CLANG_WARN_STRICT_PROTOTYPES = YES;
				CLANG_WARN_SUSPICIOUS_MOVE = YES;
				CLANG_WARN_UNGUARDED_AVAILABILITY = YES_AGGRESSIVE;
				CLANG_WARN_UNREACHABLE_CODE = YES;
				CLANG_WARN__DUPLICATE_METHOD_MATCH = YES;
				CODE_SIGN_IDENTITY = "iPhone Developer";
				COPY_PHASE_STRIP = NO;
				DEBUG_INFORMATION_FORMAT = dwarf;
				ENABLE_STRICT_OBJC_MSGSEND = YES;
				ENABLE_TESTABILITY = YES;
				GCC_C_LANGUAGE_STANDARD = gnu11;
				GCC_DYNAMIC_NO_PIC = NO;
				GCC_NO_COMMON_BLOCKS = YES;
				GCC_OPTIMIZATION_LEVEL = 0;
				GCC_PREPROCESSOR_DEFINITIONS = (
					"DEBUG=1",
					"$(inherited)",
				);
				GCC_WARN_64_TO_32_BIT_CONVERSION = YES;
				GCC_WARN_ABOUT_RETURN_TYPE = YES_ERROR;
				GCC_WARN_UNDECLARED_SELECTOR = YES;
				GCC_WARN_UNINITIALIZED_AUTOS = YES_AGGRESSIVE;
				GCC_WARN_UNUSED_FUNCTION = YES;
				GCC_WARN_UNUSED_VARIABLE = YES;
				IPHONEOS_DEPLOYMENT_TARGET = 12.1;
				MTL_ENABLE_DEBUG_INFO = INCLUDE_SOURCE;
				MTL_FAST_MATH = YES;
				ONLY_ACTIVE_ARCH = YES;
				SDKROOT = iphoneos;
				SWIFT_ACTIVE_COMPILATION_CONDITIONS = DEBUG;
				SWIFT_OPTIMIZATION_LEVEL = "-Onone";
			};
			name = Debug;
		};
		6A0E5DA0238536170057612D /* Release */ = {
			isa = XCBuildConfiguration;
			buildSettings = {
				ALWAYS_SEARCH_USER_PATHS = NO;
				CLANG_ANALYZER_NONNULL = YES;
				CLANG_ANALYZER_NUMBER_OBJECT_CONVERSION = YES_AGGRESSIVE;
				CLANG_CXX_LANGUAGE_STANDARD = "gnu++14";
				CLANG_CXX_LIBRARY = "libc++";
				CLANG_ENABLE_MODULES = YES;
				CLANG_ENABLE_OBJC_ARC = YES;
				CLANG_ENABLE_OBJC_WEAK = YES;
				CLANG_WARN_BLOCK_CAPTURE_AUTORELEASING = YES;
				CLANG_WARN_BOOL_CONVERSION = YES;
				CLANG_WARN_COMMA = YES;
				CLANG_WARN_CONSTANT_CONVERSION = YES;
				CLANG_WARN_DEPRECATED_OBJC_IMPLEMENTATIONS = YES;
				CLANG_WARN_DIRECT_OBJC_ISA_USAGE = YES_ERROR;
				CLANG_WARN_DOCUMENTATION_COMMENTS = YES;
				CLANG_WARN_EMPTY_BODY = YES;
				CLANG_WARN_ENUM_CONVERSION = YES;
				CLANG_WARN_INFINITE_RECURSION = YES;
				CLANG_WARN_INT_CONVERSION = YES;
				CLANG_WARN_NON_LITERAL_NULL_CONVERSION = YES;
				CLANG_WARN_OBJC_IMPLICIT_RETAIN_SELF = YES;
				CLANG_WARN_OBJC_LITERAL_CONVERSION = YES;
				CLANG_WARN_OBJC_ROOT_CLASS = YES_ERROR;
				CLANG_WARN_RANGE_LOOP_ANALYSIS = YES;
				CLANG_WARN_STRICT_PROTOTYPES = YES;
				CLANG_WARN_SUSPICIOUS_MOVE = YES;
				CLANG_WARN_UNGUARDED_AVAILABILITY = YES_AGGRESSIVE;
				CLANG_WARN_UNREACHABLE_CODE = YES;
				CLANG_WARN__DUPLICATE_METHOD_MATCH = YES;
				CODE_SIGN_IDENTITY = "iPhone Developer";
				COPY_PHASE_STRIP = NO;
				DEBUG_INFORMATION_FORMAT = "dwarf-with-dsym";
				ENABLE_NS_ASSERTIONS = NO;
				ENABLE_STRICT_OBJC_MSGSEND = YES;
				GCC_C_LANGUAGE_STANDARD = gnu11;
				GCC_NO_COMMON_BLOCKS = YES;
				GCC_WARN_64_TO_32_BIT_CONVERSION = YES;
				GCC_WARN_ABOUT_RETURN_TYPE = YES_ERROR;
				GCC_WARN_UNDECLARED_SELECTOR = YES;
				GCC_WARN_UNINITIALIZED_AUTOS = YES_AGGRESSIVE;
				GCC_WARN_UNUSED_FUNCTION = YES;
				GCC_WARN_UNUSED_VARIABLE = YES;
				IPHONEOS_DEPLOYMENT_TARGET = 12.1;
				MTL_ENABLE_DEBUG_INFO = NO;
				MTL_FAST_MATH = YES;
				SDKROOT = iphoneos;
				SWIFT_COMPILATION_MODE = wholemodule;
				SWIFT_OPTIMIZATION_LEVEL = "-O";
				VALIDATE_PRODUCT = YES;
			};
			name = Release;
		};
		6A0E5DA2238536170057612D /* Debug */ = {
			isa = XCBuildConfiguration;
			buildSettings = {
				ASSETCATALOG_COMPILER_APPICON_NAME = AppIcon;
				CODE_SIGN_STYLE = Automatic;
				INFOPLIST_FILE = "Career Path/Info.plist";
				LD_RUNPATH_SEARCH_PATHS = (
					"$(inherited)",
					"@executable_path/Frameworks",
				);
				PRODUCT_BUNDLE_IDENTIFIER = "jee.Career-Path";
				PRODUCT_NAME = "$(TARGET_NAME)";
				SWIFT_VERSION = 4.2;
				TARGETED_DEVICE_FAMILY = "1,2";
			};
			name = Debug;
		};
		6A0E5DA3238536170057612D /* Release */ = {
			isa = XCBuildConfiguration;
			buildSettings = {
				ASSETCATALOG_COMPILER_APPICON_NAME = AppIcon;
				CODE_SIGN_STYLE = Automatic;
				INFOPLIST_FILE = "Career Path/Info.plist";
				LD_RUNPATH_SEARCH_PATHS = (
					"$(inherited)",
					"@executable_path/Frameworks",
				);
				PRODUCT_BUNDLE_IDENTIFIER = "jee.Career-Path";
				PRODUCT_NAME = "$(TARGET_NAME)";
				SWIFT_VERSION = 4.2;
				TARGETED_DEVICE_FAMILY = "1,2";
			};
			name = Release;
		};
		6A0E5DA5238536170057612D /* Debug */ = {
			isa = XCBuildConfiguration;
			buildSettings = {
				ALWAYS_EMBED_SWIFT_STANDARD_LIBRARIES = YES;
				BUNDLE_LOADER = "$(TEST_HOST)";
				CODE_SIGN_STYLE = Automatic;
				INFOPLIST_FILE = "Career PathTests/Info.plist";
				LD_RUNPATH_SEARCH_PATHS = (
					"$(inherited)",
					"@executable_path/Frameworks",
					"@loader_path/Frameworks",
				);
				PRODUCT_BUNDLE_IDENTIFIER = "jee.Career-PathTests";
				PRODUCT_NAME = "$(TARGET_NAME)";
				SWIFT_VERSION = 4.2;
				TARGETED_DEVICE_FAMILY = "1,2";
				TEST_HOST = "$(BUILT_PRODUCTS_DIR)/Career Path.app/Career Path";
			};
			name = Debug;
		};
		6A0E5DA6238536170057612D /* Release */ = {
			isa = XCBuildConfiguration;
			buildSettings = {
				ALWAYS_EMBED_SWIFT_STANDARD_LIBRARIES = YES;
				BUNDLE_LOADER = "$(TEST_HOST)";
				CODE_SIGN_STYLE = Automatic;
				INFOPLIST_FILE = "Career PathTests/Info.plist";
				LD_RUNPATH_SEARCH_PATHS = (
					"$(inherited)",
					"@executable_path/Frameworks",
					"@loader_path/Frameworks",
				);
				PRODUCT_BUNDLE_IDENTIFIER = "jee.Career-PathTests";
				PRODUCT_NAME = "$(TARGET_NAME)";
				SWIFT_VERSION = 4.2;
				TARGETED_DEVICE_FAMILY = "1,2";
				TEST_HOST = "$(BUILT_PRODUCTS_DIR)/Career Path.app/Career Path";
			};
			name = Release;
		};
		6A0E5DA8238536170057612D /* Debug */ = {
			isa = XCBuildConfiguration;
			buildSettings = {
				ALWAYS_EMBED_SWIFT_STANDARD_LIBRARIES = YES;
				CODE_SIGN_STYLE = Automatic;
				INFOPLIST_FILE = "Career PathUITests/Info.plist";
				LD_RUNPATH_SEARCH_PATHS = (
					"$(inherited)",
					"@executable_path/Frameworks",
					"@loader_path/Frameworks",
				);
				PRODUCT_BUNDLE_IDENTIFIER = "jee.Career-PathUITests";
				PRODUCT_NAME = "$(TARGET_NAME)";
				SWIFT_VERSION = 4.2;
				TARGETED_DEVICE_FAMILY = "1,2";
				TEST_TARGET_NAME = "Career Path";
			};
			name = Debug;
		};
		6A0E5DA9238536170057612D /* Release */ = {
			isa = XCBuildConfiguration;
			buildSettings = {
				ALWAYS_EMBED_SWIFT_STANDARD_LIBRARIES = YES;
				CODE_SIGN_STYLE = Automatic;
				INFOPLIST_FILE = "Career PathUITests/Info.plist";
				LD_RUNPATH_SEARCH_PATHS = (
					"$(inherited)",
					"@executable_path/Frameworks",
					"@loader_path/Frameworks",
				);
				PRODUCT_BUNDLE_IDENTIFIER = "jee.Career-PathUITests";
				PRODUCT_NAME = "$(TARGET_NAME)";
				SWIFT_VERSION = 4.2;
				TARGETED_DEVICE_FAMILY = "1,2";
				TEST_TARGET_NAME = "Career Path";
			};
			name = Release;
		};
/* End XCBuildConfiguration section */

/* Begin XCConfigurationList section */
		6A0E5D71238536150057612D /* Build configuration list for PBXProject "Career Path" */ = {
			isa = XCConfigurationList;
			buildConfigurations = (
				6A0E5D9F238536170057612D /* Debug */,
				6A0E5DA0238536170057612D /* Release */,
			);
			defaultConfigurationIsVisible = 0;
			defaultConfigurationName = Release;
		};
		6A0E5DA1238536170057612D /* Build configuration list for PBXNativeTarget "Career Path" */ = {
			isa = XCConfigurationList;
			buildConfigurations = (
				6A0E5DA2238536170057612D /* Debug */,
				6A0E5DA3238536170057612D /* Release */,
			);
			defaultConfigurationIsVisible = 0;
			defaultConfigurationName = Release;
		};
		6A0E5DA4238536170057612D /* Build configuration list for PBXNativeTarget "Career PathTests" */ = {
			isa = XCConfigurationList;
			buildConfigurations = (
				6A0E5DA5238536170057612D /* Debug */,
				6A0E5DA6238536170057612D /* Release */,
			);
			defaultConfigurationIsVisible = 0;
			defaultConfigurationName = Release;
		};
		6A0E5DA7238536170057612D /* Build configuration list for PBXNativeTarget "Career PathUITests" */ = {
			isa = XCConfigurationList;
			buildConfigurations = (
				6A0E5DA8238536170057612D /* Debug */,
				6A0E5DA9238536170057612D /* Release */,
			);
			defaultConfigurationIsVisible = 0;
			defaultConfigurationName = Release;
		};
/* End XCConfigurationList section */

/* Begin XCVersionGroup section */
		6A0E5D80238536150057612D /* Career_Path.xcdatamodeld */ = {
			isa = XCVersionGroup;
			children = (
				6A0E5D81238536150057612D /* Career_Path.xcdatamodel */,
			);
			currentVersion = 6A0E5D81238536150057612D /* Career_Path.xcdatamodel */;
			path = Career_Path.xcdatamodeld;
			sourceTree = "<group>";
			versionGroupType = wrapper.xcdatamodel;
		};
/* End XCVersionGroup section */
	};
	rootObject = 6A0E5D6E238536150057612D /* Project object */;
}
